lockfileVersion: '6.0'

settings:
  autoInstallPeers: true
  excludeLinksFromLockfile: false

devDependencies:
  '@types/node':
    specifier: 18.18.2
    version: 18.18.2
  prettier:
    specifier: 3.0.3
    version: 3.0.3
  rollup:
    specifier: 4.1.5
    version: 4.1.5
  typescript:
    specifier: 5.2.2
    version: 5.2.2

packages:

  /@rollup/rollup-android-arm-eabi@4.1.5:
    resolution: {integrity: sha512-/fwx6GS8cIbM2rTNyLMxjSCOegHywOdXO+kN9yFy018iCULcKZCyA3xvzw4bxyKbYfdSxQgdhbsl0egNcxerQw==}
    cpu: [arm]
    os: [android]
    requiresBuild: true
    dev: true
    optional: true

  /@rollup/rollup-android-arm64@4.1.5:
    resolution: {integrity: sha512-tmXh7dyEt+JEz/NgDJlB1UeL/1gFV0v8qYzUAU42WZH4lmUJ5rp6/HkR2qUNC5jCgYEwd8/EfbHKtGIEfS4CUg==}
    cpu: [arm64]
    os: [android]
    requiresBuild: true
    dev: true
    optional: true

  /@rollup/rollup-darwin-arm64@4.1.5:
    resolution: {integrity: sha512-lTDmLxdEVhzI3KCesZUrNbl3icBvPrDv/85JasY5gh4P2eAuDFmM4uj9HC5DdH0anLC0fwJ+1Uzasr4qOXcjRQ==}
    cpu: [arm64]
    os: [darwin]
    requiresBuild: true
    dev: true
    optional: true

  /@rollup/rollup-darwin-x64@4.1.5:
    resolution: {integrity: sha512-v6qEHZyjWnIgcc4oiy8AIeFsUJAx+Kg0sLj+RE7ICwv3u7YC/+bSClxAiBASRjMzqsq0Z+I/pfxj+OD8mjBYxg==}
    cpu: [x64]
    os: [darwin]
    requiresBuild: true
    dev: true
    optional: true

  /@rollup/rollup-linux-arm-gnueabihf@4.1.5:
    resolution: {integrity: sha512-WngCfwPEDUNbZR1FNO2TCROYUwJvRlbvPi3AS85bDUkkoRDBcjUIz42cuB1j4PKilmnZascL5xTMF/yU8YFayA==}
    cpu: [arm]
    os: [linux]
    requiresBuild: true
    dev: true
    optional: true

  /@rollup/rollup-linux-arm64-gnu@4.1.5:
    resolution: {integrity: sha512-Q2A/PEP/UTPTOBwgar3mmCaApahoezai/8e/7f4GCLV6XWCpnU4YwkQQtla7d7nUnc792Ps7g1G0WMovzIknrA==}
    cpu: [arm64]
    os: [linux]
    requiresBuild: true
    dev: true
    optional: true

  /@rollup/rollup-linux-arm64-musl@4.1.5:
    resolution: {integrity: sha512-84aBKNAVzTU/eG3tb2+kR4NGRAtm2YVW/KHwkGGDR4z1k4hyrDbuImsfs/6J74t6y0YLOe9HOSu7ejRjzUBGVQ==}
    cpu: [arm64]
    os: [linux]
    requiresBuild: true
    dev: true
    optional: true

  /@rollup/rollup-linux-x64-gnu@4.1.5:
    resolution: {integrity: sha512-mldtP9UEBurIq2+GYMdNeiqCLW1fdgf4KdkMR/QegAeXk4jFHkKQl7p0NITrKFVyVqzISGXH5gR6GSTBH4wszw==}
    cpu: [x64]
    os: [linux]
    requiresBuild: true
    dev: true
    optional: true

  /@rollup/rollup-linux-x64-musl@4.1.5:
    resolution: {integrity: sha512-36p+nMcSxjAEzfU47+by102HolUtf/EfgBAidocTKAofJMTqG5QD50qzaFLk4QO+z7Qvg4qd0wr99jGAwnKOig==}
    cpu: [x64]
    os: [linux]
    requiresBuild: true
    dev: true
    optional: true

  /@rollup/rollup-win32-arm64-msvc@4.1.5:
    resolution: {integrity: sha512-5oxhubo0A3J8aF/tG+6jHBg785HF8/88kl1YnfbDKmnqMxz/EFiAQDH9cq6lbnxofjn8tlq5KiTf0crJGOGThg==}
    cpu: [arm64]
    os: [win32]
    requiresBuild: true
    dev: true
    optional: true

  /@rollup/rollup-win32-ia32-msvc@4.1.5:
    resolution: {integrity: sha512-uVQyBREKX9ErofL8KAZ4iVlqzSZOXSIG+BOLYuz5FD+Cg6jh1eLIeUa3Q4SgX0QaTRFeeAgSNqCC+8kZrZBpSw==}
    cpu: [ia32]
    os: [win32]
    requiresBuild: true
    dev: true
    optional: true

  /@rollup/rollup-win32-x64-msvc@4.1.5:
    resolution: {integrity: sha512-FQ5qYqRJ2vUBSom3Fos8o/6UvAMOvlus4+HGCAifH1TagbbwVnVVe0o01J1V52EWnQ8kmfpJDJ0FMrfM5yzcSA==}
    cpu: [x64]
    os: [win32]
    requiresBuild: true
    dev: true
    optional: true

  /@types/node@18.18.2:
    resolution: {integrity: sha512-u1cis+7wLZMPI62EozwsqvgMZyauczyiqRRu/vcqZKI5N5yidrJHqOFxEg5seT8adc96Q6Yczg1c0DlqGtMJMw==}
    dev: true

  /fsevents@2.3.3:
    resolution: {integrity: sha512-5xoDfX+fL7faATnagmWPpbFtwh/R77WmMMqqHGS65C3vvB0YHrgF+B1YmZ3441tMj5n63k0212XNoJwzlhffQw==}
    engines: {node: ^8.16.0 || ^10.6.0 || >=11.0.0}
    os: [darwin]
    requiresBuild: true
    dev: true
    optional: true

  /prettier@3.0.3:
    resolution: {integrity: sha512-L/4pUDMxcNa8R/EthV08Zt42WBO4h1rarVtK0K+QJG0X187OLo7l699jWw0GKuwzkPQ//jMFA/8Xm6Fh3J/DAg==}
    engines: {node: '>=14'}
    hasBin: true
    dev: true

  /rollup@4.1.5:
    resolution: {integrity: sha512-AEw14/q4NHYQkQlngoSae2yi7hDBeT9w84aEzdgCr39+2RL+iTG84lGTkgC1Wp5igtquN64cNzuzZKVz+U6jOg==}
    engines: {node: '>=18.0.0', npm: '>=8.0.0'}
    hasBin: true
    optionalDependencies:
      '@rollup/rollup-android-arm-eabi': 4.1.5
      '@rollup/rollup-android-arm64': 4.1.5
      '@rollup/rollup-darwin-arm64': 4.1.5
      '@rollup/rollup-darwin-x64': 4.1.5
      '@rollup/rollup-linux-arm-gnueabihf': 4.1.5
      '@rollup/rollup-linux-arm64-gnu': 4.1.5
      '@rollup/rollup-linux-arm64-musl': 4.1.5
      '@rollup/rollup-linux-x64-gnu': 4.1.5
      '@rollup/rollup-linux-x64-musl': 4.1.5
      '@rollup/rollup-win32-arm64-msvc': 4.1.5
      '@rollup/rollup-win32-ia32-msvc': 4.1.5
      '@rollup/rollup-win32-x64-msvc': 4.1.5
      fsevents: 2.3.3
    dev: true

  /typescript@5.2.2:
    resolution: {integrity: sha512-mI4WrpHsbCIcwT9cF4FZvr80QUeKvsUsUvKDoR+X/7XHQH98xYD8YHZg7ANtz2GtZt/CBq2QJ0thkGJMHfqc1w==}
    engines: {node: '>=14.17'}
    hasBin: true
    dev: true
